
Microsoft Visual Studio Solution File, Format Version 12.00
# Visual Studio 15
VisualStudioVersion = 15.0.28010.2026
MinimumVisualStudioVersion = 10.0.40219.1
Project("{8BC9CEB8-8B4A-11D0-8D11-00A0C91BC942}") = "Uusi", "Uusi\Uusi.vcxproj", "{77B94731-49DA-4C31-848B-5759A3B0246C}"
EndProject
Global
	GlobalSection(SolutionConfigurationPlatforms) = preSolution
		Debug|Win32 = Debug|Win32
		Debug|x64 = Debug|x64
		Debug|x86 = Debug|x86
		Release|Win32 = Release|Win32
		Release|x64 = Release|x64
		Release|x86 = Release|x86
	EndGlobalSection
	GlobalSection(ProjectConfigurationPlatforms) = postSolution
		{77B94731-49DA-4C31-848B-5759A3B0246C}.Debug|Win32.ActiveCfg = Debug|Win32
		{77B94731-49DA-4C31-848B-5759A3B0246C}.Debug|Win32.Build.0 = Debug|Win32
		{77B94731-49DA-4C31-848B-5759A3B0246C}.Debug|x64.ActiveCfg = Debug|x64
		{77B94731-49DA-4C31-848B-5759A3B0246C}.Debug|x64.Build.0 = Debug|x64
		{77B94731-49DA-4C31-848B-5759A3B0246C}.Debug|x86.ActiveCfg = Debug|Win32
		{77B94731-49DA-4C31-848B-5759A3B0246C}.Debug|x86.Build.0 = Debug|Win32
		{77B94731-49DA-4C31-848B-5759A3B0246C}.Release|Win32.ActiveCfg = Release|Win32
		{77B94731-49DA-4C31-848B-5759A3B0246C}.Release|Win32.Build.0 = Release|Win32
		{77B94731-49DA-4C31-848B-5759A3B0246C}.Release|x64.ActiveCfg = Release|x64
		{77B94731-49DA-4C31-848B-5759A3B0246C}.Release|x64.Build.0 = Release|x64
		{77B94731-49DA-4C31-848B-5759A3B0246C}.Release|x86.ActiveCfg = Release|Win32
		{77B94731-49DA-4C31-848B-5759A3B0246C}.Release|x86.Build.0 = Release|Win32
	EndGlobalSection
	GlobalSection(SolutionProperties) = preSolution
		HideSolutionNode = FALSE
	EndGlobalSection
	GlobalSection(ExtensibilityGlobals) = postSolution
		SolutionGuid = {B6E3FDE7-D670-44C6-86C2-7B169E36F8C5}
	EndGlobalSection
EndGlobal
